
Microsoft Visual Studio Solution File, Format Version 12.00
# Visual Studio Version 17
VisualStudioVersion = 17.9.34607.119
MinimumVisualStudioVersion = 10.0.40219.1
Project("{FAE04EC0-301F-11D3-BF4B-00C04F79EFBC}") = "Func_Delegate_Demo", "Func_Delegate_Demo\Func_Delegate_Demo.csproj", "{9CDA2420-61F6-4D03-9AFE-F7D8731482E9}"
EndProject
Global
	GlobalSection(SolutionConfigurationPlatforms) = preSolution
		Debug|Any CPU = Debug|Any CPU
		Release|Any CPU = Release|Any CPU
	EndGlobalSection
	GlobalSection(ProjectConfigurationPlatforms) = postSolution
		{9CDA2420-61F6-4D03-9AFE-F7D8731482E9}.Debug|Any CPU.ActiveCfg = Debug|Any CPU
		{9CDA2420-61F6-4D03-9AFE-F7D8731482E9}.Debug|Any CPU.Build.0 = Debug|Any CPU
		{9CDA2420-61F6-4D03-9AFE-F7D8731482E9}.Release|Any CPU.ActiveCfg = Release|Any CPU
		{9CDA2420-61F6-4D03-9AFE-F7D8731482E9}.Release|Any CPU.Build.0 = Release|Any CPU
	EndGlobalSection
	GlobalSection(SolutionProperties) = preSolution
		HideSolutionNode = FALSE
	EndGlobalSection
	GlobalSection(ExtensibilityGlobals) = postSolution
		SolutionGuid = {79EDC4A1-22BC-4243-991C-05BBEC3F33C6}
	EndGlobalSection
EndGlobal
